
Microsoft Visual Studio Solution File, Format Version 12.00
# Visual Studio Version 17
VisualStudioVersion = 17.0.31912.275
MinimumVisualStudioVersion = 10.0.40219.1
Project("{FAE04EC0-301F-11D3-BF4B-00C04F79EFBC}") = "HajósTeszt", "HajósTeszt\HajósTeszt.csproj", "{81A8D050-7C4F-41AC-94F6-CF816EA77A6B}"
EndProject
Global
	GlobalSection(SolutionConfigurationPlatforms) = preSolution
		Debug|Any CPU = Debug|Any CPU
		Release|Any CPU = Release|Any CPU
	EndGlobalSection
	GlobalSection(ProjectConfigurationPlatforms) = postSolution
		{81A8D050-7C4F-41AC-94F6-CF816EA77A6B}.Debug|Any CPU.ActiveCfg = Debug|Any CPU
		{81A8D050-7C4F-41AC-94F6-CF816EA77A6B}.Debug|Any CPU.Build.0 = Debug|Any CPU
		{81A8D050-7C4F-41AC-94F6-CF816EA77A6B}.Release|Any CPU.ActiveCfg = Release|Any CPU
		{81A8D050-7C4F-41AC-94F6-CF816EA77A6B}.Release|Any CPU.Build.0 = Release|Any CPU
	EndGlobalSection
	GlobalSection(SolutionProperties) = preSolution
		HideSolutionNode = FALSE
	EndGlobalSection
	GlobalSection(ExtensibilityGlobals) = postSolution
		SolutionGuid = {52E1FD7A-2EE8-4E86-BCFD-3FE00353DC47}
	EndGlobalSection
EndGlobal
